
Microsoft Visual Studio Solution File, Format Version 12.00
# Visual Studio Version 16
VisualStudioVersion = 16.0.31911.196
MinimumVisualStudioVersion = 10.0.40219.1
Project("{FAE04EC0-301F-11D3-BF4B-00C04F79EFBC}") = "Blinkay.API", "Blinkay.API\Blinkay.API.csproj", "{918798D4-D10C-4B42-A2F5-7D8912DD8E87}"
EndProject
Project("{FAE04EC0-301F-11D3-BF4B-00C04F79EFBC}") = "Blinkay.Domain", "Blinkay.Domain\Blinkay.Domain.csproj", "{56147216-D98D-435A-9F84-9C9C91E7AA4D}"
EndProject
Project("{FAE04EC0-301F-11D3-BF4B-00C04F79EFBC}") = "Blinkay.Infrastructure", "Blinkay.Infrastructure\Blinkay.Infrastructure.csproj", "{8D77121A-F505-47F8-8BC4-5BBE63B0CAE7}"
EndProject
Project("{FAE04EC0-301F-11D3-BF4B-00C04F79EFBC}") = "Blinkay.Test", "Blinkay.Test\Blinkay.Test.csproj", "{1E720ABA-337B-4EA6-8C50-9C5776B3D3D6}"
EndProject
Global
	GlobalSection(SolutionConfigurationPlatforms) = preSolution
		Debug|Any CPU = Debug|Any CPU
		Release|Any CPU = Release|Any CPU
	EndGlobalSection
	GlobalSection(ProjectConfigurationPlatforms) = postSolution
		{918798D4-D10C-4B42-A2F5-7D8912DD8E87}.Debug|Any CPU.ActiveCfg = Debug|Any CPU
		{918798D4-D10C-4B42-A2F5-7D8912DD8E87}.Debug|Any CPU.Build.0 = Debug|Any CPU
		{918798D4-D10C-4B42-A2F5-7D8912DD8E87}.Release|Any CPU.ActiveCfg = Release|Any CPU
		{918798D4-D10C-4B42-A2F5-7D8912DD8E87}.Release|Any CPU.Build.0 = Release|Any CPU
		{56147216-D98D-435A-9F84-9C9C91E7AA4D}.Debug|Any CPU.ActiveCfg = Debug|Any CPU
		{56147216-D98D-435A-9F84-9C9C91E7AA4D}.Debug|Any CPU.Build.0 = Debug|Any CPU
		{56147216-D98D-435A-9F84-9C9C91E7AA4D}.Release|Any CPU.ActiveCfg = Release|Any CPU
		{56147216-D98D-435A-9F84-9C9C91E7AA4D}.Release|Any CPU.Build.0 = Release|Any CPU
		{8D77121A-F505-47F8-8BC4-5BBE63B0CAE7}.Debug|Any CPU.ActiveCfg = Debug|Any CPU
		{8D77121A-F505-47F8-8BC4-5BBE63B0CAE7}.Debug|Any CPU.Build.0 = Debug|Any CPU
		{8D77121A-F505-47F8-8BC4-5BBE63B0CAE7}.Release|Any CPU.ActiveCfg = Release|Any CPU
		{8D77121A-F505-47F8-8BC4-5BBE63B0CAE7}.Release|Any CPU.Build.0 = Release|Any CPU
		{1E720ABA-337B-4EA6-8C50-9C5776B3D3D6}.Debug|Any CPU.ActiveCfg = Debug|Any CPU
		{1E720ABA-337B-4EA6-8C50-9C5776B3D3D6}.Debug|Any CPU.Build.0 = Debug|Any CPU
		{1E720ABA-337B-4EA6-8C50-9C5776B3D3D6}.Release|Any CPU.ActiveCfg = Release|Any CPU
		{1E720ABA-337B-4EA6-8C50-9C5776B3D3D6}.Release|Any CPU.Build.0 = Release|Any CPU
	EndGlobalSection
	GlobalSection(SolutionProperties) = preSolution
		HideSolutionNode = FALSE
	EndGlobalSection
	GlobalSection(ExtensibilityGlobals) = postSolution
		SolutionGuid = {0640B57C-F0EF-470D-A4AF-058C94762F0C}
	EndGlobalSection
EndGlobal
